github.com/ajstarks/gensvg v0.0.0-20210409123320-0bbca1216e61 h1:t36LSrL+6X0iFIX0pHjWlY9uQmwMRhag54reEQdl3OI=
github.com/ajstarks/gensvg v0.0.0-20210409123320-0bbca1216e61/go.mod h1:PtU6ofchbU0VxGlg+klpebsi0DY7V9GrxtYeMJkWutM=
github.com/ajstarks/gensvg v0.0.0-20210409154833-906fdb9f3874 h1:btr0W6fZqMoc63zUO7p2GATo95MAyci93hOE9o/EHPA=
github.com/ajstarks/gensvg v0.0.0-20210409154833-906fdb9f3874/go.mod h1:PtU6ofchbU0VxGlg+klpebsi0DY7V9GrxtYeMJkWutM=
